
Microsoft Visual Studio Solution File, Format Version 12.00
# Visual Studio Version 17
VisualStudioVersion = 17.11.34929.205
MinimumVisualStudioVersion = 10.0.40219.1
Project("{FAE04EC0-301F-11D3-BF4B-00C04F79EFBC}") = "JWT_API", "JWT_API\JWT_API.csproj", "{FCF8CA63-3098-4E4B-A4F6-D94B58BB9B5B}"
EndProject
Global
	GlobalSection(SolutionConfigurationPlatforms) = preSolution
		Debug|Any CPU = Debug|Any CPU
		Release|Any CPU = Release|Any CPU
	EndGlobalSection
	GlobalSection(ProjectConfigurationPlatforms) = postSolution
		{FCF8CA63-3098-4E4B-A4F6-D94B58BB9B5B}.Debug|Any CPU.ActiveCfg = Debug|Any CPU
		{FCF8CA63-3098-4E4B-A4F6-D94B58BB9B5B}.Debug|Any CPU.Build.0 = Debug|Any CPU
		{FCF8CA63-3098-4E4B-A4F6-D94B58BB9B5B}.Release|Any CPU.ActiveCfg = Release|Any CPU
		{FCF8CA63-3098-4E4B-A4F6-D94B58BB9B5B}.Release|Any CPU.Build.0 = Release|Any CPU
	EndGlobalSection
	GlobalSection(SolutionProperties) = preSolution
		HideSolutionNode = FALSE
	EndGlobalSection
	GlobalSection(ExtensibilityGlobals) = postSolution
		SolutionGuid = {3BAD6185-EBF5-4817-90FA-E70D78EF1746}
	EndGlobalSection
EndGlobal
